schema: '2.0'
stages:
  ingest:
    cmd: python -m signlab.cli data run-reproduction-stage ingest
    deps:
    - path: configs/pipeline/synthetic-dvc.json
      hash: md5
      md5: 9aa9c6a6c5024de12193cdf1cf77375d
      size: 180
    - path: src/signlab/reproducibility/stages.py
      hash: md5
      md5: 56992c7e51fc2621ef38583149e2e37d
      size: 6563
    - path: tests/fixtures/public/dvc/source.json
      hash: md5
      md5: 13fac458dfeb1cc5089db4411199d25d
      size: 1286
    outs:
    - path: data/raw/dvc-public-fixture/ingest.json
      hash: md5
      md5: 59ae7063f42bdaf1efb7dacd2b82c424
      size: 339
  validate:
    cmd: python -m signlab.cli data run-reproduction-stage validate
    deps:
    - path: configs/pipeline/synthetic-dvc.json
      hash: md5
      md5: 9aa9c6a6c5024de12193cdf1cf77375d
      size: 180
    - path: data/raw/dvc-public-fixture/ingest.json
      hash: md5
      md5: 59ae7063f42bdaf1efb7dacd2b82c424
      size: 339
    - path: src/signlab/reproducibility/stages.py
      hash: md5
      md5: 56992c7e51fc2621ef38583149e2e37d
      size: 6563
    outs:
    - path: data/interim/dvc-public-fixture/validate.json
      hash: md5
      md5: cd8a1d0f8e953566fa46e3748815f0b0
      size: 341
  extract:
    cmd: python -m signlab.cli data run-reproduction-stage extract
    deps:
    - path: configs/pipeline/synthetic-dvc.json
      hash: md5
      md5: 9aa9c6a6c5024de12193cdf1cf77375d
      size: 180
    - path: data/interim/dvc-public-fixture/validate.json
      hash: md5
      md5: cd8a1d0f8e953566fa46e3748815f0b0
      size: 341
    - path: src/signlab/reproducibility/stages.py
      hash: md5
      md5: 56992c7e51fc2621ef38583149e2e37d
      size: 6563
    outs:
    - path: data/interim/dvc-public-fixture/extract.json
      hash: md5
      md5: 5d46900cc313eaab4b1130af9b9088b5
      size: 340
  quality:
    cmd: python -m signlab.cli data run-reproduction-stage quality
    deps:
    - path: configs/pipeline/synthetic-dvc.json
      hash: md5
      md5: 9aa9c6a6c5024de12193cdf1cf77375d
      size: 180
    - path: data/interim/dvc-public-fixture/extract.json
      hash: md5
      md5: 5d46900cc313eaab4b1130af9b9088b5
      size: 340
    - path: src/signlab/reproducibility/stages.py
      hash: md5
      md5: 56992c7e51fc2621ef38583149e2e37d
      size: 6563
    outs:
    - path: data/interim/dvc-public-fixture/quality.json
      hash: md5
      md5: bb0551165c05053f06814b4df6cec262
      size: 340
  split:
    cmd: python -m signlab.cli data run-reproduction-stage split
    deps:
    - path: configs/pipeline/synthetic-dvc.json
      hash: md5
      md5: 9aa9c6a6c5024de12193cdf1cf77375d
      size: 180
    - path: data/interim/dvc-public-fixture/quality.json
      hash: md5
      md5: bb0551165c05053f06814b4df6cec262
      size: 340
    - path: src/signlab/reproducibility/stages.py
      hash: md5
      md5: 56992c7e51fc2621ef38583149e2e37d
      size: 6563
    outs:
    - path: data/processed/dvc-public-fixture/split.json
      hash: md5
      md5: e47ec9fe91c169fedf701063ddb1f1be
      size: 338
  feature:
    cmd: python -m signlab.cli data run-reproduction-stage feature
    deps:
    - path: configs/pipeline/synthetic-dvc.json
      hash: md5
      md5: 9aa9c6a6c5024de12193cdf1cf77375d
      size: 180
    - path: data/processed/dvc-public-fixture/split.json
      hash: md5
      md5: e47ec9fe91c169fedf701063ddb1f1be
      size: 338
    - path: src/signlab/reproducibility/stages.py
      hash: md5
      md5: 56992c7e51fc2621ef38583149e2e37d
      size: 6563
    outs:
    - path: data/processed/dvc-public-fixture/feature.json
      hash: md5
      md5: 4aec4f66d3a482f180f1107fe5b9909f
      size: 340
